
Microsoft Visual Studio Solution File, Format Version 12.00
# Visual Studio Version 17
VisualStudioVersion = 17.8.34511.84
MinimumVisualStudioVersion = 10.0.40219.1
Project("{FAE04EC0-301F-11D3-BF4B-00C04F79EFBC}") = "Kit Interview 02", "Kit Interview 02\Kit Interview 02.csproj", "{1744F98B-C3EB-472C-A1EF-30061B7ED304}"
EndProject
Global
	GlobalSection(SolutionConfigurationPlatforms) = preSolution
		Debug|Any CPU = Debug|Any CPU
		Release|Any CPU = Release|Any CPU
	EndGlobalSection
	GlobalSection(ProjectConfigurationPlatforms) = postSolution
		{1744F98B-C3EB-472C-A1EF-30061B7ED304}.Debug|Any CPU.ActiveCfg = Debug|Any CPU
		{1744F98B-C3EB-472C-A1EF-30061B7ED304}.Debug|Any CPU.Build.0 = Debug|Any CPU
		{1744F98B-C3EB-472C-A1EF-30061B7ED304}.Release|Any CPU.ActiveCfg = Release|Any CPU
		{1744F98B-C3EB-472C-A1EF-30061B7ED304}.Release|Any CPU.Build.0 = Release|Any CPU
	EndGlobalSection
	GlobalSection(SolutionProperties) = preSolution
		HideSolutionNode = FALSE
	EndGlobalSection
	GlobalSection(ExtensibilityGlobals) = postSolution
		SolutionGuid = {3896F357-4C76-45C6-AD99-4E04333F7FDD}
	EndGlobalSection
EndGlobal
